PODS:
  - Alamofire (5.4.3)
  - AlamofireImage (4.2.0):
    - Alamofire (~> 5.4)
  - Realm (10.9.0):
    - Realm/Headers (= 10.9.0)
  - Realm/Headers (10.9.0)
  - RealmSwift (10.9.0):
    - Realm (= 10.9.0)

DEPENDENCIES:
  - Alamofire
  - AlamofireImage
  - RealmSwift

SPEC REPOS:
  trunk:
    - Alamofire
    - AlamofireImage
    - Realm
    - RealmSwift

SPEC CHECKSUMS:
  Alamofire: e447a2774a40c996748296fa2c55112fdbbc42f9
  AlamofireImage: 34a2d90b0e5fe6a5605f85ae4b7b01e784c60192
  Realm: 9feef41ab8230ed706c4dc503fc292594915bf9a
  RealmSwift: 91246183b772e0ea1bf777116c4b8d9939f983b3

PODFILE CHECKSUM: 27c4c7df9f9f5eec7025358faef0f2f5bdb9119e

COCOAPODS: 1.10.1
