// !$*UTF8*$!
{
	archiveVersion = 1;
	classes = {
	};
	objectVersion = 51;
	objects = {

/* Begin PBXBuildFile section */
		4A4948971B060984B6506BCA /* Pods_BlackStar_Skillbox.framework in Frameworks */ = {isa = PBXBuildFile; fileRef = 2F732A7B9889213B45457D07 /* Pods_BlackStar_Skillbox.framework */; };
		AC6478F124BDE25200632BEB /* CategoriesLoader.swift in Sources */ = {isa = PBXBuildFile; fileRef = AC6478F024BDE25200632BEB /* CategoriesLoader.swift */; };
		AC6FCAE224B83672007E6CC3 /* AppDelegate.swift in Sources */ = {isa = PBXBuildFile; fileRef = AC6FCAE124B83672007E6CC3 /* AppDelegate.swift */; };
		AC6FCAE424B83672007E6CC3 /* SceneDelegate.swift in Sources */ = {isa = PBXBuildFile; fileRef = AC6FCAE324B83672007E6CC3 /* SceneDelegate.swift */; };
		AC6FCAE624B83672007E6CC3 /* ViewController.swift in Sources */ = {isa = PBXBuildFile; fileRef = AC6FCAE524B83672007E6CC3 /* ViewController.swift */; };
		AC6FCAE924B83672007E6CC3 /* Main.storyboard in Resources */ = {isa = PBXBuildFile; fileRef = AC6FCAE724B83672007E6CC3 /* Main.storyboard */; };
		AC6FCAEC24B83672007E6CC3 /* BlackStar_Skillbox.xcdatamodeld in Sources */ = {isa = PBXBuildFile; fileRef = AC6FCAEA24B83672007E6CC3 /* BlackStar_Skillbox.xcdatamodeld */; };
		AC6FCAEE24B83675007E6CC3 /* Assets.xcassets in Resources */ = {isa = PBXBuildFile; fileRef = AC6FCAED24B83675007E6CC3 /* Assets.xcassets */; };
		AC6FCAF124B83675007E6CC3 /* LaunchScreen.storyboard in Resources */ = {isa = PBXBuildFile; fileRef = AC6FCAEF24B83675007E6CC3 /* LaunchScreen.storyboard */; };
		AC6FCB0124BC467F007E6CC3 /* CategoryTableViewCell.swift in Sources */ = {isa = PBXBuildFile; fileRef = AC6FCB0024BC467F007E6CC3 /* CategoryTableViewCell.swift */; };
		AC6FCB0324BCB081007E6CC3 /* JSONResponse.swift in Sources */ = {isa = PBXBuildFile; fileRef = AC6FCB0224BCB081007E6CC3 /* JSONResponse.swift */; };
/* End PBXBuildFile section */

/* Begin PBXFileReference section */
		0F78E0A5D9AAC06F00F768FF /* Pods-BlackStar Skillbox.release.xcconfig */ = {isa = PBXFileReference; includeInIndex = 1; lastKnownFileType = text.xcconfig; name = "Pods-BlackStar Skillbox.release.xcconfig"; path = "Target Support Files/Pods-BlackStar Skillbox/Pods-BlackStar Skillbox.release.xcconfig"; sourceTree = "<group>"; };
		2F732A7B9889213B45457D07 /* Pods_BlackStar_Skillbox.framework */ = {isa = PBXFileReference; explicitFileType = wrapper.framework; includeInIndex = 0; path = Pods_BlackStar_Skillbox.framework; sourceTree = BUILT_PRODUCTS_DIR; };
		AC6478F024BDE25200632BEB /* CategoriesLoader.swift */ = {isa = PBXFileReference; lastKnownFileType = sourcecode.swift; path = CategoriesLoader.swift; sourceTree = "<group>"; };
		AC6FCADE24B83672007E6CC3 /* BlackStar Skillbox.app */ = {isa = PBXFileReference; explicitFileType = wrapper.application; includeInIndex = 0; path = "BlackStar Skillbox.app"; sourceTree = BUILT_PRODUCTS_DIR; };
		AC6FCAE124B83672007E6CC3 /* AppDelegate.swift */ = {isa = PBXFileReference; lastKnownFileType = sourcecode.swift; path = AppDelegate.swift; sourceTree = "<group>"; };
		AC6FCAE324B83672007E6CC3 /* SceneDelegate.swift */ = {isa = PBXFileReference; lastKnownFileType = sourcecode.swift; path = SceneDelegate.swift; sourceTree = "<group>"; };
		AC6FCAE524B83672007E6CC3 /* ViewController.swift */ = {isa = PBXFileReference; lastKnownFileType = sourcecode.swift; path = ViewController.swift; sourceTree = "<group>"; };
		AC6FCAE824B83672007E6CC3 /* Base */ = {isa = PBXFileReference; lastKnownFileType = file.storyboard; name = Base; path = Base.lproj/Main.storyboard; sourceTree = "<group>"; };
		AC6FCAEB24B83672007E6CC3 /* BlackStar_Skillbox.xcdatamodel */ = {isa = PBXFileReference; lastKnownFileType = wrapper.xcdatamodel; path = BlackStar_Skillbox.xcdatamodel; sourceTree = "<group>"; };
		AC6FCAED24B83675007E6CC3 /* Assets.xcassets */ = {isa = PBXFileReference; lastKnownFileType = folder.assetcatalog; path = Assets.xcassets; sourceTree = "<group>"; };
		AC6FCAF024B83675007E6CC3 /* Base */ = {isa = PBXFileReference; lastKnownFileType = file.storyboard; name = Base; path = Base.lproj/LaunchScreen.storyboard; sourceTree = "<group>"; };
		AC6FCAF224B83675007E6CC3 /* Info.plist */ = {isa = PBXFileReference; lastKnownFileType = text.plist.xml; path = Info.plist; sourceTree = "<group>"; };
		AC6FCB0024BC467F007E6CC3 /* CategoryTableViewCell.swift */ = {isa = PBXFileReference; lastKnownFileType = sourcecode.swift; path = CategoryTableViewCell.swift; sourceTree = "<group>"; };
		AC6FCB0224BCB081007E6CC3 /* JSONResponse.swift */ = {isa = PBXFileReference; lastKnownFileType = sourcecode.swift; path = JSONResponse.swift; sourceTree = "<group>"; };
		B9FA587D7CDA95A1F1C51FE4 /* Pods-BlackStar Skillbox.debug.xcconfig */ = {isa = PBXFileReference; includeInIndex = 1; lastKnownFileType = text.xcconfig; name = "Pods-BlackStar Skillbox.debug.xcconfig"; path = "Target Support Files/Pods-BlackStar Skillbox/Pods-BlackStar Skillbox.debug.xcconfig"; sourceTree = "<group>"; };
/* End PBXFileReference section */

/* Begin PBXFrameworksBuildPhase section */
		AC6FCADB24B83672007E6CC3 /* Frameworks */ = {
			isa = PBXFrameworksBuildPhase;
			buildActionMask = 2147483647;
			files = (
				4A4948971B060984B6506BCA /* Pods_BlackStar_Skillbox.framework in Frameworks */,
			);
			runOnlyForDeploymentPostprocessing = 0;
		};
/* End PBXFrameworksBuildPhase section */

/* Begin PBXGroup section */
		534185178FFC0925F97D2503 /* Frameworks */ = {
			isa = PBXGroup;
			children = (
				2F732A7B9889213B45457D07 /* Pods_BlackStar_Skillbox.framework */,
			);
			name = Frameworks;
			sourceTree = "<group>";
		};
		6ED322230A9556E26A37D69F /* Pods */ = {
			isa = PBXGroup;
			children = (
				B9FA587D7CDA95A1F1C51FE4 /* Pods-BlackStar Skillbox.debug.xcconfig */,
				0F78E0A5D9AAC06F00F768FF /* Pods-BlackStar Skillbox.release.xcconfig */,
			);
			path = Pods;
			sourceTree = "<group>";
		};
		AC6FCAD524B83672007E6CC3 = {
			isa = PBXGroup;
			children = (
				AC6FCAE024B83672007E6CC3 /* BlackStar Skillbox */,
				AC6FCADF24B83672007E6CC3 /* Products */,
				6ED322230A9556E26A37D69F /* Pods */,
				534185178FFC0925F97D2503 /* Frameworks */,
			);
			sourceTree = "<group>";
		};
		AC6FCADF24B83672007E6CC3 /* Products */ = {
			isa = PBXGroup;
			children = (
				AC6FCADE24B83672007E6CC3 /* BlackStar Skillbox.app */,
			);
			name = Products;
			sourceTree = "<group>";
		};
		AC6FCAE024B83672007E6CC3 /* BlackStar Skillbox */ = {
			isa = PBXGroup;
			children = (
				AC6FCAE124B83672007E6CC3 /* AppDelegate.swift */,
				AC6FCAE324B83672007E6CC3 /* SceneDelegate.swift */,
				AC6FCAE524B83672007E6CC3 /* ViewController.swift */,
				AC6FCB0224BCB081007E6CC3 /* JSONResponse.swift */,
				AC6478F024BDE25200632BEB /* CategoriesLoader.swift */,
				AC6FCAE724B83672007E6CC3 /* Main.storyboard */,
				AC6FCB0024BC467F007E6CC3 /* CategoryTableViewCell.swift */,
				AC6FCAED24B83675007E6CC3 /* Assets.xcassets */,
				AC6FCAEF24B83675007E6CC3 /* LaunchScreen.storyboard */,
				AC6FCAF224B83675007E6CC3 /* Info.plist */,
				AC6FCAEA24B83672007E6CC3 /* BlackStar_Skillbox.xcdatamodeld */,
			);
			path = "BlackStar Skillbox";
			sourceTree = "<group>";
		};
/* End PBXGroup section */

/* Begin PBXNativeTarget section */
		AC6FCADD24B83672007E6CC3 /* BlackStar Skillbox */ = {
			isa = PBXNativeTarget;
			buildConfigurationList = AC6FCAF524B83675007E6CC3 /* Build configuration list for PBXNativeTarget "BlackStar Skillbox" */;
			buildPhases = (
				9D347B62594E38F772A5C9ED /* [CP] Check Pods Manifest.lock */,
				AC6FCADA24B83672007E6CC3 /* Sources */,
				AC6FCADB24B83672007E6CC3 /* Frameworks */,
				AC6FCADC24B83672007E6CC3 /* Resources */,
				FCB184D51D07C0E7031FC248 /* [CP] Embed Pods Frameworks */,
			);
			buildRules = (
			);
			dependencies = (
			);
			name = "BlackStar Skillbox";
			productName = "BlackStar Skillbox";
			productReference = AC6FCADE24B83672007E6CC3 /* BlackStar Skillbox.app */;
			productType = "com.apple.product-type.application";
		};
/* End PBXNativeTarget section */

/* Begin PBXProject section */
		AC6FCAD624B83672007E6CC3 /* Project object */ = {
			isa = PBXProject;
			attributes = {
				LastSwiftUpdateCheck = 1150;
				LastUpgradeCheck = 1150;
				ORGANIZATIONNAME = "Artem A.";
				TargetAttributes = {
					AC6FCADD24B83672007E6CC3 = {
						CreatedOnToolsVersion = 11.5;
					};
				};
			};
			buildConfigurationList = AC6FCAD924B83672007E6CC3 /* Build configuration list for PBXProject "BlackStar Skillbox" */;
			compatibilityVersion = "Xcode 9.3";
			developmentRegion = en;
			hasScannedForEncodings = 0;
			knownRegions = (
				en,
				Base,
			);
			mainGroup = AC6FCAD524B83672007E6CC3;
			productRefGroup = AC6FCADF24B83672007E6CC3 /* Products */;
			projectDirPath = "";
			projectRoot = "";
			targets = (
				AC6FCADD24B83672007E6CC3 /* BlackStar Skillbox */,
			);
		};
/* End PBXProject section */

/* Begin PBXResourcesBuildPhase section */
		AC6FCADC24B83672007E6CC3 /* Resources */ = {
			isa = PBXResourcesBuildPhase;
			buildActionMask = 2147483647;
			files = (
				AC6FCAF124B83675007E6CC3 /* LaunchScreen.storyboard in Resources */,
				AC6FCAEE24B83675007E6CC3 /* Assets.xcassets in Resources */,
				AC6FCAE924B83672007E6CC3 /* Main.storyboard in Resources */,
			);
			runOnlyForDeploymentPostprocessing = 0;
		};
/* End PBXResourcesBuildPhase section */

/* Begin PBXShellScriptBuildPhase section */
		9D347B62594E38F772A5C9ED /* [CP] Check Pods Manifest.lock */ = {
			isa = PBXShellScriptBuildPhase;
			buildActionMask = 2147483647;
			files = (
			);
			inputFileListPaths = (
			);
			inputPaths = (
				"${PODS_PODFILE_DIR_PATH}/Podfile.lock",
				"${PODS_ROOT}/Manifest.lock",
			);
			name = "[CP] Check Pods Manifest.lock";
			outputFileListPaths = (
			);
			outputPaths = (
				"$(DERIVED_FILE_DIR)/Pods-BlackStar Skillbox-checkManifestLockResult.txt",
			);
			runOnlyForDeploymentPostprocessing = 0;
			shellPath = /bin/sh;
			shellScript = "diff \"${PODS_PODFILE_DIR_PATH}/Podfile.lock\" \"${PODS_ROOT}/Manifest.lock\" > /dev/null\nif [ $? != 0 ] ; then\n    # print error to STDERR\n    echo \"error: The sandbox is not in sync with the Podfile.lock. Run 'pod install' or update your CocoaPods installation.\" >&2\n    exit 1\nfi\n# This output is used by Xcode 'outputs' to avoid re-running this script phase.\necho \"SUCCESS\" > \"${SCRIPT_OUTPUT_FILE_0}\"\n";
			showEnvVarsInLog = 0;
		};
		FCB184D51D07C0E7031FC248 /* [CP] Embed Pods Frameworks */ = {
			isa = PBXShellScriptBuildPhase;
			buildActionMask = 2147483647;
			files = (
			);
			inputFileListPaths = (
				"${PODS_ROOT}/Target Support Files/Pods-BlackStar Skillbox/Pods-BlackStar Skillbox-frameworks-${CONFIGURATION}-input-files.xcfilelist",
			);
			name = "[CP] Embed Pods Frameworks";
			outputFileListPaths = (
				"${PODS_ROOT}/Target Support Files/Pods-BlackStar Skillbox/Pods-BlackStar Skillbox-frameworks-${CONFIGURATION}-output-files.xcfilelist",
			);
			runOnlyForDeploymentPostprocessing = 0;
			shellPath = /bin/sh;
			shellScript = "\"${PODS_ROOT}/Target Support Files/Pods-BlackStar Skillbox/Pods-BlackStar Skillbox-frameworks.sh\"\n";
			showEnvVarsInLog = 0;
		};
/* End PBXShellScriptBuildPhase section */

/* Begin PBXSourcesBuildPhase section */
		AC6FCADA24B83672007E6CC3 /* Sources */ = {
			isa = PBXSourcesBuildPhase;
			buildActionMask = 2147483647;
			files = (
				AC6FCB0324BCB081007E6CC3 /* JSONResponse.swift in Sources */,
				AC6FCB0124BC467F007E6CC3 /* CategoryTableViewCell.swift in Sources */,
				AC6478F124BDE25200632BEB /* CategoriesLoader.swift in Sources */,
				AC6FCAE624B83672007E6CC3 /* ViewController.swift in Sources */,
				AC6FCAEC24B83672007E6CC3 /* BlackStar_Skillbox.xcdatamodeld in Sources */,
				AC6FCAE224B83672007E6CC3 /* AppDelegate.swift in Sources */,
				AC6FCAE424B83672007E6CC3 /* SceneDelegate.swift in Sources */,
			);
			runOnlyForDeploymentPostprocessing = 0;
		};
/* End PBXSourcesBuildPhase section */

/* Begin PBXVariantGroup section */
		AC6FCAE724B83672007E6CC3 /* Main.storyboard */ = {
			isa = PBXVariantGroup;
			children = (
				AC6FCAE824B83672007E6CC3 /* Base */,
			);
			name = Main.storyboard;
			sourceTree = "<group>";
		};
		AC6FCAEF24B83675007E6CC3 /* LaunchScreen.storyboard */ = {
			isa = PBXVariantGroup;
			children = (
				AC6FCAF024B83675007E6CC3 /* Base */,
			);
			name = LaunchScreen.storyboard;
			sourceTree = "<group>";
		};
/* End PBXVariantGroup section */

/* Begin XCBuildConfiguration section */
		AC6FCAF324B83675007E6CC3 /* Debug */ = {
			isa = XCBuildConfiguration;
			buildSettings = {
				ALWAYS_SEARCH_USER_PATHS = NO;
				CLANG_ANALYZER_NONNULL = YES;
				CLANG_ANALYZER_NUMBER_OBJECT_CONVERSION = YES_AGGRESSIVE;
				CLANG_CXX_LANGUAGE_STANDARD = "gnu++14";
				CLANG_CXX_LIBRARY = "libc++";
				CLANG_ENABLE_MODULES = YES;
				CLANG_ENABLE_OBJC_ARC = YES;
				CLANG_ENABLE_OBJC_WEAK = YES;
				CLANG_WARN_BLOCK_CAPTURE_AUTORELEASING = YES;
				CLANG_WARN_BOOL_CONVERSION = YES;
				CLANG_WARN_COMMA = YES;
				CLANG_WARN_CONSTANT_CONVERSION = YES;
				CLANG_WARN_DEPRECATED_OBJC_IMPLEMENTATIONS = YES;
				CLANG_WARN_DIRECT_OBJC_ISA_USAGE = YES_ERROR;
				CLANG_WARN_DOCUMENTATION_COMMENTS = YES;
				CLANG_WARN_EMPTY_BODY = YES;
				CLANG_WARN_ENUM_CONVERSION = YES;
				CLANG_WARN_INFINITE_RECURSION = YES;
				CLANG_WARN_INT_CONVERSION = YES;
				CLANG_WARN_NON_LITERAL_NULL_CONVERSION = YES;
				CLANG_WARN_OBJC_IMPLICIT_RETAIN_SELF = YES;
				CLANG_WARN_OBJC_LITERAL_CONVERSION = YES;
				CLANG_WARN_OBJC_ROOT_CLASS = YES_ERROR;
				CLANG_WARN_RANGE_LOOP_ANALYSIS = YES;
				CLANG_WARN_STRICT_PROTOTYPES = YES;
				CLANG_WARN_SUSPICIOUS_MOVE = YES;
				CLANG_WARN_UNGUARDED_AVAILABILITY = YES_AGGRESSIVE;
				CLANG_WARN_UNREACHABLE_CODE = YES;
				CLANG_WARN__DUPLICATE_METHOD_MATCH = YES;
				COPY_PHASE_STRIP = NO;
				DEBUG_INFORMATION_FORMAT = dwarf;
				ENABLE_STRICT_OBJC_MSGSEND = YES;
				ENABLE_TESTABILITY = YES;
				GCC_C_LANGUAGE_STANDARD = gnu11;
				GCC_DYNAMIC_NO_PIC = NO;
				GCC_NO_COMMON_BLOCKS = YES;
				GCC_OPTIMIZATION_LEVEL = 0;
				GCC_PREPROCESSOR_DEFINITIONS = (
					"DEBUG=1",
					"$(inherited)",
				);
				GCC_WARN_64_TO_32_BIT_CONVERSION = YES;
				GCC_WARN_ABOUT_RETURN_TYPE = YES_ERROR;
				GCC_WARN_UNDECLARED_SELECTOR = YES;
				GCC_WARN_UNINITIALIZED_AUTOS = YES_AGGRESSIVE;
				GCC_WARN_UNUSED_FUNCTION = YES;
				GCC_WARN_UNUSED_VARIABLE = YES;
				IPHONEOS_DEPLOYMENT_TARGET = 13.5;
				MTL_ENABLE_DEBUG_INFO = INCLUDE_SOURCE;
				MTL_FAST_MATH = YES;
				ONLY_ACTIVE_ARCH = YES;
				SDKROOT = iphoneos;
				SWIFT_ACTIVE_COMPILATION_CONDITIONS = DEBUG;
				SWIFT_OPTIMIZATION_LEVEL = "-Onone";
			};
			name = Debug;
		};
		AC6FCAF424B83675007E6CC3 /* Release */ = {
			isa = XCBuildConfiguration;
			buildSettings = {
				ALWAYS_SEARCH_USER_PATHS = NO;
				CLANG_ANALYZER_NONNULL = YES;
				CLANG_ANALYZER_NUMBER_OBJECT_CONVERSION = YES_AGGRESSIVE;
				CLANG_CXX_LANGUAGE_STANDARD = "gnu++14";
				CLANG_CXX_LIBRARY = "libc++";
				CLANG_ENABLE_MODULES = YES;
				CLANG_ENABLE_OBJC_ARC = YES;
				CLANG_ENABLE_OBJC_WEAK = YES;
				CLANG_WARN_BLOCK_CAPTURE_AUTORELEASING = YES;
				CLANG_WARN_BOOL_CONVERSION = YES;
				CLANG_WARN_COMMA = YES;
				CLANG_WARN_CONSTANT_CONVERSION = YES;
				CLANG_WARN_DEPRECATED_OBJC_IMPLEMENTATIONS = YES;
				CLANG_WARN_DIRECT_OBJC_ISA_USAGE = YES_ERROR;
				CLANG_WARN_DOCUMENTATION_COMMENTS = YES;
				CLANG_WARN_EMPTY_BODY = YES;
				CLANG_WARN_ENUM_CONVERSION = YES;
				CLANG_WARN_INFINITE_RECURSION = YES;
				CLANG_WARN_INT_CONVERSION = YES;
				CLANG_WARN_NON_LITERAL_NULL_CONVERSION = YES;
				CLANG_WARN_OBJC_IMPLICIT_RETAIN_SELF = YES;
				CLANG_WARN_OBJC_LITERAL_CONVERSION = YES;
				CLANG_WARN_OBJC_ROOT_CLASS = YES_ERROR;
				CLANG_WARN_RANGE_LOOP_ANALYSIS = YES;
				CLANG_WARN_STRICT_PROTOTYPES = YES;
				CLANG_WARN_SUSPICIOUS_MOVE = YES;
				CLANG_WARN_UNGUARDED_AVAILABILITY = YES_AGGRESSIVE;
				CLANG_WARN_UNREACHABLE_CODE = YES;
				CLANG_WARN__DUPLICATE_METHOD_MATCH = YES;
				COPY_PHASE_STRIP = NO;
				DEBUG_INFORMATION_FORMAT = "dwarf-with-dsym";
				ENABLE_NS_ASSERTIONS = NO;
				ENABLE_STRICT_OBJC_MSGSEND = YES;
				GCC_C_LANGUAGE_STANDARD = gnu11;
				GCC_NO_COMMON_BLOCKS = YES;
				GCC_WARN_64_TO_32_BIT_CONVERSION = YES;
				GCC_WARN_ABOUT_RETURN_TYPE = YES_ERROR;
				GCC_WARN_UNDECLARED_SELECTOR = YES;
				GCC_WARN_UNINITIALIZED_AUTOS = YES_AGGRESSIVE;
				GCC_WARN_UNUSED_FUNCTION = YES;
				GCC_WARN_UNUSED_VARIABLE = YES;
				IPHONEOS_DEPLOYMENT_TARGET = 13.5;
				MTL_ENABLE_DEBUG_INFO = NO;
				MTL_FAST_MATH = YES;
				SDKROOT = iphoneos;
				SWIFT_COMPILATION_MODE = wholemodule;
				SWIFT_OPTIMIZATION_LEVEL = "-O";
				VALIDATE_PRODUCT = YES;
			};
			name = Release;
		};
		AC6FCAF624B83675007E6CC3 /* Debug */ = {
			isa = XCBuildConfiguration;
			baseConfigurationReference = B9FA587D7CDA95A1F1C51FE4 /* Pods-BlackStar Skillbox.debug.xcconfig */;
			buildSettings = {
				ASSETCATALOG_COMPILER_APPICON_NAME = AppIcon;
				CODE_SIGN_STYLE = Automatic;
				DEVELOPMENT_TEAM = 7MQ354KRU3;
				INFOPLIST_FILE = "BlackStar Skillbox/Info.plist";
				LD_RUNPATH_SEARCH_PATHS = (
					"$(inherited)",
					"@executable_path/Frameworks",
				);
				PRODUCT_BUNDLE_IDENTIFIER = "com.artem.BlackStar-Skillbox";
				PRODUCT_NAME = "$(TARGET_NAME)";
				SWIFT_VERSION = 5.0;
				TARGETED_DEVICE_FAMILY = 1;
			};
			name = Debug;
		};
		AC6FCAF724B83675007E6CC3 /* Release */ = {
			isa = XCBuildConfiguration;
			baseConfigurationReference = 0F78E0A5D9AAC06F00F768FF /* Pods-BlackStar Skillbox.release.xcconfig */;
			buildSettings = {
				ASSETCATALOG_COMPILER_APPICON_NAME = AppIcon;
				CODE_SIGN_STYLE = Automatic;
				DEVELOPMENT_TEAM = 7MQ354KRU3;
				INFOPLIST_FILE = "BlackStar Skillbox/Info.plist";
				LD_RUNPATH_SEARCH_PATHS = (
					"$(inherited)",
					"@executable_path/Frameworks",
				);
				PRODUCT_BUNDLE_IDENTIFIER = "com.artem.BlackStar-Skillbox";
				PRODUCT_NAME = "$(TARGET_NAME)";
				SWIFT_VERSION = 5.0;
				TARGETED_DEVICE_FAMILY = 1;
			};
			name = Release;
		};
/* End XCBuildConfiguration section */

/* Begin XCConfigurationList section */
		AC6FCAD924B83672007E6CC3 /* Build configuration list for PBXProject "BlackStar Skillbox" */ = {
			isa = XCConfigurationList;
			buildConfigurations = (
				AC6FCAF324B83675007E6CC3 /* Debug */,
				AC6FCAF424B83675007E6CC3 /* Release */,
			);
			defaultConfigurationIsVisible = 0;
			defaultConfigurationName = Release;
		};
		AC6FCAF524B83675007E6CC3 /* Build configuration list for PBXNativeTarget "BlackStar Skillbox" */ = {
			isa = XCConfigurationList;
			buildConfigurations = (
				AC6FCAF624B83675007E6CC3 /* Debug */,
				AC6FCAF724B83675007E6CC3 /* Release */,
			);
			defaultConfigurationIsVisible = 0;
			defaultConfigurationName = Release;
		};
/* End XCConfigurationList section */

/* Begin XCVersionGroup section */
		AC6FCAEA24B83672007E6CC3 /* BlackStar_Skillbox.xcdatamodeld */ = {
			isa = XCVersionGroup;
			children = (
				AC6FCAEB24B83672007E6CC3 /* BlackStar_Skillbox.xcdatamodel */,
			);
			currentVersion = AC6FCAEB24B83672007E6CC3 /* BlackStar_Skillbox.xcdatamodel */;
			path = BlackStar_Skillbox.xcdatamodeld;
			sourceTree = "<group>";
			versionGroupType = wrapper.xcdatamodel;
		};
/* End XCVersionGroup section */
	};
	rootObject = AC6FCAD624B83672007E6CC3 /* Project object */;
}
